<?xml version="1.0" encoding="utf-8"?>
<Project ToolsVersion="4.0" xmlns="http://schemas.microsoft.com/developer/msbuild/2003">
  <ItemGroup>
    <Filter Include="Source Files">
      <UniqueIdentifier>{4FC737F1-C7A5-4376-A066-2A32D752A2FF}</UniqueIdentifier>
      <Extensions>cpp;c;cc;cxx;c++;cppm;ixx;def;odl;idl;hpj;bat;asm;asmx</Extensions>
    </Filter>
    <Filter Include="Header Files">
      <UniqueIdentifier>{93995380-89BD-4b04-88EB-625FBE52EBFB}</UniqueIdentifier>
      <Extensions>h;hh;hpp;hxx;h++;hm;inl;inc;ipp;xsd</Extensions>
    </Filter>
    <Filter Include="Resource Files">
      <UniqueIdentifier>{67DA6AB6-F800-4c08-8B7A-83BB121AAD01}</UniqueIdentifier>
      <Extensions>rc;ico;cur;bmp;dlg;rc2;rct;bin;rgs;gif;jpg;jpeg;jpe;resx;tiff;tif;png;wav;mfcribbon-ms</Extensions>
    </Filter>
    <Filter Include="Etc">
      <UniqueIdentifier>{91437883-6a75-4211-9aef-445242bb49bd}</UniqueIdentifier>
    </Filter>
  </ItemGroup>
  <ItemGroup>
    <ClCompile Include="ZONE.cpp">
      <Filter>Source Files</Filter>
    </ClCompile>
    <ClCompile Include="..\include\TimeLog.cpp">
      <Filter>Etc</Filter>
    </ClCompile>
    <ClCompile Include="MyServer.cpp">
      <Filter>Source Files</Filter>
    </ClCompile>
    <ClCompile Include="MyUser.cpp">
      <Filter>Source Files</Filter>
    </ClCompile>
    <ClCompile Include="MyGAME01.cpp">
      <Filter>Source Files</Filter>
    </ClCompile>
    <ClCompile Include="MyTRANSFER.cpp">
      <Filter>Source Files</Filter>
    </ClCompile>
    <ClCompile Include="MyUpperCOM.cpp">
      <Filter>Source Files</Filter>
    </ClCompile>
    <ClCompile Include="MyWORK01.cpp">
      <Filter>Source Files</Filter>
    </ClCompile>
    <ClCompile Include="MyWORK02.cpp">
      <Filter>Source Files</Filter>
    </ClCompile>
    <ClCompile Include="MyWORK03.cpp">
      <Filter>Source Files</Filter>
    </ClCompile>
    <ClCompile Include="MyWORK04.cpp">
      <Filter>Source Files</Filter>
    </ClCompile>
    <ClCompile Include="MyGAMESYSTEM.cpp">
      <Filter>Source Files</Filter>
    </ClCompile>
    <ClCompile Include="MySUMMONSYSTEM.cpp">
      <Filter>Source Files</Filter>
    </ClCompile>
    <ClCompile Include="MyGAME04.cpp">
      <Filter>Source Files</Filter>
    </ClCompile>
    <ClCompile Include="MyGAME06.cpp">
      <Filter>Source Files</Filter>
    </ClCompile>
    <ClCompile Include="MyGAME05.cpp">
      <Filter>Source Files</Filter>
    </ClCompile>
    <ClCompile Include="MyGAME03.cpp">
      <Filter>Source Files</Filter>
    </ClCompile>
    <ClCompile Include="MyWORLD.cpp">
      <Filter>Source Files</Filter>
    </ClCompile>
    <ClCompile Include="MyGAME02.cpp">
      <Filter>Source Files</Filter>
    </ClCompile>
    <ClCompile Include="MyGAME07.cpp">
      <Filter>Source Files</Filter>
    </ClCompile>
    <ClCompile Include="MyGameLog.cpp">
      <Filter>Source Files</Filter>
    </ClCompile>
  </ItemGroup>
  <ItemGroup>
    <ClInclude Include="..\include\TimeLog.h">
      <Filter>Etc</Filter>
    </ClInclude>
    <ClInclude Include="..\include\zconf.h">
      <Filter>Etc</Filter>
    </ClInclude>
    <ClInclude Include="..\include\zlib.h">
      <Filter>Etc</Filter>
    </ClInclude>
    <ClInclude Include="MainApp.h">
      <Filter>Header Files</Filter>
    </ClInclude>
    <ClInclude Include="MyServer.h">
      <Filter>Header Files</Filter>
    </ClInclude>
    <ClInclude Include="MyUser.h">
      <Filter>Header Files</Filter>
    </ClInclude>
    <ClInclude Include="MyGame.h">
      <Filter>Header Files</Filter>
    </ClInclude>
    <ClInclude Include="MyWork.h">
      <Filter>Header Files</Filter>
    </ClInclude>
    <ClInclude Include="MyWorld.h">
      <Filter>Header Files</Filter>
    </ClInclude>
    <ClInclude Include="MyTransfer.h">
      <Filter>Header Files</Filter>
    </ClInclude>
    <ClInclude Include="MyUpperCOM.h">
      <Filter>Header Files</Filter>
    </ClInclude>
    <ClInclude Include="MyGameSYSTEM.h">
      <Filter>Header Files</Filter>
    </ClInclude>
    <ClInclude Include="MySummonSYSTEM.h">
      <Filter>Header Files</Filter>
    </ClInclude>
    <ClInclude Include="..\include\struct.h">
      <Filter>Header Files</Filter>
    </ClInclude>
    <ClInclude Include="resource.h">
      <Filter>Header Files</Filter>
    </ClInclude>
  </ItemGroup>
  <ItemGroup>
    <ResourceCompile Include="ZONE.rc">
      <Filter>Resource Files</Filter>
    </ResourceCompile>
  </ItemGroup>
  <ItemGroup>
    <Image Include="..\TS2.ico">
      <Filter>Resource Files</Filter>
    </Image>
  </ItemGroup>
</Project>