<?xml version="1.0" encoding="utf-8"?>
<Project ToolsVersion="4.0" xmlns="http://schemas.microsoft.com/developer/msbuild/2003">
  <ItemGroup>
    <Filter Include="Source">
      <UniqueIdentifier>{103f60d6-ff53-484f-9e36-88b442ee0320}</UniqueIdentifier>
    </Filter>
    <Filter Include="Etc.">
      <UniqueIdentifier>{d7d38579-357a-4dbd-95b9-193fc13f23c9}</UniqueIdentifier>
    </Filter>
    <Filter Include="Header">
      <UniqueIdentifier>{ea81ac30-dd99-4e03-a8c5-960672e89b8d}</UniqueIdentifier>
    </Filter>
  </ItemGroup>
  <ItemGroup>
    <ClCompile Include="S08_MyDB.cpp">
      <Filter>Source</Filter>
    </ClCompile>
    <ClCompile Include="..\include\cts_mysql.cpp">
      <Filter>Etc.</Filter>
    </ClCompile>
    <ClCompile Include="..\include\TimeLog.cpp">
      <Filter>Etc.</Filter>
    </ClCompile>
    <ClCompile Include="S05_MyTransfer.cpp">
      <Filter>Source</Filter>
    </ClCompile>
    <ClCompile Include="S02_MyServer.cpp">
      <Filter>Source</Filter>
    </ClCompile>
    <ClCompile Include="S04_MyWork01.cpp">
      <Filter>Source</Filter>
    </ClCompile>
    <ClCompile Include="S04_MyWork02.cpp">
      <Filter>Source</Filter>
    </ClCompile>
    <ClCompile Include="S07_MyGame01.cpp">
      <Filter>Source</Filter>
    </ClCompile>
    <ClCompile Include="Server_CENTER.cpp">
      <Filter>Source</Filter>
    </ClCompile>
    <ClCompile Include="S03_MyUser.cpp">
      <Filter>Source</Filter>
    </ClCompile>
  </ItemGroup>
  <ItemGroup>
    <ClInclude Include="H08_MyDB.h">
      <Filter>Header</Filter>
    </ClInclude>
    <ClInclude Include="..\include\TimeLog.h">
      <Filter>Etc.</Filter>
    </ClInclude>
    <ClInclude Include="..\include\cts_mysql.h">
      <Filter>Etc.</Filter>
    </ClInclude>
    <ClInclude Include="H05_MyTransfer.h">
      <Filter>Header</Filter>
    </ClInclude>
    <ClInclude Include="Shengming.h">
      <Filter>Header</Filter>
    </ClInclude>
    <ClInclude Include="H02_MyServer.h">
      <Filter>Header</Filter>
    </ClInclude>
    <ClInclude Include="H04_MyWork.h">
      <Filter>Header</Filter>
    </ClInclude>
    <ClInclude Include="H07_MyGame.h">
      <Filter>Header</Filter>
    </ClInclude>
    <ClInclude Include="H03_MyUser.h">
      <Filter>Header</Filter>
    </ClInclude>
    <ClInclude Include="resource.h" />
  </ItemGroup>
  <ItemGroup>
    <ResourceCompile Include="TS25_CENTER.rc" />
  </ItemGroup>
  <ItemGroup>
    <Image Include="..\TS2.ico" />
  </ItemGroup>
</Project>